
Microsoft Visual Studio Solution File, Format Version 12.00
# Visual Studio Version 16
VisualStudioVersion = 16.0.32929.386
MinimumVisualStudioVersion = 10.0.40219.1
Project("{8BC9CEB8-8B4A-11D0-8D11-00A0C91BC942}") = "hldll", "hldll.vcxproj", "{69DDADC0-97F4-419E-86EB-C91781A0D2E0}"
EndProject
Project("{8BC9CEB8-8B4A-11D0-8D11-00A0C91BC942}") = "hl_cdll", "hl_cdll.vcxproj", "{DC1DD765-CFEB-47DA-A2EA-9F1E20A24272}"
EndProject
Project("{8BC9CEB8-8B4A-11D0-8D11-00A0C91BC942}") = "dmcdll", "dmcdll.vcxproj", "{6C5EBEF4-40AE-4167-B3D5-26F0AB47E382}"
EndProject
Project("{8BC9CEB8-8B4A-11D0-8D11-00A0C91BC942}") = "dmc_cdll", "dmc_cdll.vcxproj", "{50BD4CD5-4043-4457-BA51-7CF8FFC43767}"
EndProject
Project("{8BC9CEB8-8B4A-11D0-8D11-00A0C91BC942}") = "ricochetdll", "ricochetdll.vcxproj", "{CE8DCBE4-D8DB-46E5-8607-8FCC5FA667FB}"
EndProject
Project("{8BC9CEB8-8B4A-11D0-8D11-00A0C91BC942}") = "ricochet_cdll", "ricochet_cdll.vcxproj", "{EA7DE935-F997-4EA8-9135-E2FE5E5D2C1B}"
EndProject
Global
	GlobalSection(SolutionConfigurationPlatforms) = preSolution
		Debug|Win32 = Debug|Win32
		Release|Win32 = Release|Win32
	EndGlobalSection
	GlobalSection(ProjectConfigurationPlatforms) = postSolution
		{69DDADC0-97F4-419E-86EB-C91781A0D2E0}.Debug|Win32.ActiveCfg = Debug|Win32
		{69DDADC0-97F4-419E-86EB-C91781A0D2E0}.Debug|Win32.Build.0 = Debug|Win32
		{69DDADC0-97F4-419E-86EB-C91781A0D2E0}.Release|Win32.ActiveCfg = Release|Win32
		{69DDADC0-97F4-419E-86EB-C91781A0D2E0}.Release|Win32.Build.0 = Release|Win32
		{DC1DD765-CFEB-47DA-A2EA-9F1E20A24272}.Debug|Win32.ActiveCfg = Debug|Win32
		{DC1DD765-CFEB-47DA-A2EA-9F1E20A24272}.Debug|Win32.Build.0 = Debug|Win32
		{DC1DD765-CFEB-47DA-A2EA-9F1E20A24272}.Release|Win32.ActiveCfg = Release|Win32
		{DC1DD765-CFEB-47DA-A2EA-9F1E20A24272}.Release|Win32.Build.0 = Release|Win32
		{6C5EBEF4-40AE-4167-B3D5-26F0AB47E382}.Debug|Win32.ActiveCfg = Debug|Win32
		{6C5EBEF4-40AE-4167-B3D5-26F0AB47E382}.Debug|Win32.Build.0 = Debug|Win32
		{6C5EBEF4-40AE-4167-B3D5-26F0AB47E382}.Release|Win32.ActiveCfg = Release|Win32
		{6C5EBEF4-40AE-4167-B3D5-26F0AB47E382}.Release|Win32.Build.0 = Release|Win32
		{50BD4CD5-4043-4457-BA51-7CF8FFC43767}.Debug|Win32.ActiveCfg = Debug|Win32
		{50BD4CD5-4043-4457-BA51-7CF8FFC43767}.Debug|Win32.Build.0 = Debug|Win32
		{50BD4CD5-4043-4457-BA51-7CF8FFC43767}.Release|Win32.ActiveCfg = Release|Win32
		{50BD4CD5-4043-4457-BA51-7CF8FFC43767}.Release|Win32.Build.0 = Release|Win32
		{CE8DCBE4-D8DB-46E5-8607-8FCC5FA667FB}.Debug|Win32.ActiveCfg = Debug|Win32
		{CE8DCBE4-D8DB-46E5-8607-8FCC5FA667FB}.Debug|Win32.Build.0 = Debug|Win32
		{CE8DCBE4-D8DB-46E5-8607-8FCC5FA667FB}.Release|Win32.ActiveCfg = Release|Win32
		{CE8DCBE4-D8DB-46E5-8607-8FCC5FA667FB}.Release|Win32.Build.0 = Release|Win32
		{EA7DE935-F997-4EA8-9135-E2FE5E5D2C1B}.Debug|Win32.ActiveCfg = Debug|Win32
		{EA7DE935-F997-4EA8-9135-E2FE5E5D2C1B}.Debug|Win32.Build.0 = Debug|Win32
		{EA7DE935-F997-4EA8-9135-E2FE5E5D2C1B}.Release|Win32.ActiveCfg = Release|Win32
		{EA7DE935-F997-4EA8-9135-E2FE5E5D2C1B}.Release|Win32.Build.0 = Release|Win32
	EndGlobalSection
	GlobalSection(SolutionProperties) = preSolution
		HideSolutionNode = FALSE
	EndGlobalSection
	GlobalSection(ExtensibilityGlobals) = postSolution
		SolutionGuid = {A85E68C0-A79E-4F65-A56B-3057E4E85856}
	EndGlobalSection
EndGlobal
