<?xml version="1.0" encoding="utf-8"?>
<Project ToolsVersion="4.0" xmlns="http://schemas.microsoft.com/developer/msbuild/2003">
  <ItemGroup>
    <Filter Include="Source Files">
      <UniqueIdentifier>{4FC737F1-C7A5-4376-A066-2A32D752A2FF}</UniqueIdentifier>
      <Extensions>cpp;c;cc;cxx;def;odl;idl;hpj;bat;asm;asmx</Extensions>
    </Filter>
    <Filter Include="Header Files">
      <UniqueIdentifier>{93995380-89BD-4b04-88EB-625FBE52EBFB}</UniqueIdentifier>
      <Extensions>h;hpp;hxx;hm;inl;inc;xsd</Extensions>
    </Filter>
    <Filter Include="Resource Files">
      <UniqueIdentifier>{67DA6AB6-F800-4c08-8B7A-83BB121AAD01}</UniqueIdentifier>
      <Extensions>rc;ico;cur;bmp;dlg;rc2;rct;bin;rgs;gif;jpg;jpeg;jpe;resx;tiff;tif;png;wav;mfcribbon-ms</Extensions>
    </Filter>
    <Filter Include="Source Files\_hl">
      <UniqueIdentifier>{0142d5e4-5caa-4286-8740-78fe5f63f90c}</UniqueIdentifier>
    </Filter>
    <Filter Include="Source Files\_hl\ricochet">
      <UniqueIdentifier>{d79b1e48-d35a-4c47-a48a-06c124d7d5f2}</UniqueIdentifier>
    </Filter>
    <Filter Include="Source Files\_hl\ricochet\dlls">
      <UniqueIdentifier>{db1142bc-09dd-40f1-8e5b-7d2e5873fbfb}</UniqueIdentifier>
    </Filter>
    <Filter Include="Source Files\_hl\ricochet\dlls\wpn_shared">
      <UniqueIdentifier>{14ceca51-597d-4ae0-ad1e-616f9c76afb7}</UniqueIdentifier>
    </Filter>
    <Filter Include="Source Files\_hl\ricochet\cl_dll">
      <UniqueIdentifier>{a659561b-3095-458c-9ac3-98a1f8fda89d}</UniqueIdentifier>
    </Filter>
    <Filter Include="Source Files\_hl\ricochet\cl_dll\hl">
      <UniqueIdentifier>{de1d2011-0a49-4c1e-b1ee-e6e31c6ba173}</UniqueIdentifier>
    </Filter>
    <Filter Include="Source Files\ricochet">
      <UniqueIdentifier>{8f0ebcb6-1036-4fb2-8955-0992878a0f76}</UniqueIdentifier>
    </Filter>
    <Filter Include="Source Files\ricochet\cl_dll">
      <UniqueIdentifier>{6d32d06c-ab53-4cc4-9580-61fd0802aeb7}</UniqueIdentifier>
    </Filter>
    <Filter Include="Source Files\public">
      <UniqueIdentifier>{a62dbc7a-0e7a-4926-9415-c81e6b3e2820}</UniqueIdentifier>
    </Filter>
    <Filter Include="Source Files\common">
      <UniqueIdentifier>{2263acfb-32b9-437e-b357-289dc027689c}</UniqueIdentifier>
    </Filter>
    <Filter Include="Source Files\ricochet\pm_shared">
      <UniqueIdentifier>{739d96f5-318f-4326-ac16-acad51f23a39}</UniqueIdentifier>
    </Filter>
    <Filter Include="Source Files\game_shared">
      <UniqueIdentifier>{0f1d61fd-fd1b-41fb-aa84-b3226848ae8c}</UniqueIdentifier>
    </Filter>
    <Filter Include="Header Files\ricochet">
      <UniqueIdentifier>{482b21b8-5e14-4d3a-9f6d-000f8fe9c81d}</UniqueIdentifier>
    </Filter>
    <Filter Include="Header Files\ricochet\cl_dll">
      <UniqueIdentifier>{8ee6bc62-6027-4bb6-bba1-bd7eb71b8ded}</UniqueIdentifier>
    </Filter>
    <Filter Include="Header Files\common">
      <UniqueIdentifier>{acab3107-5b1a-47d3-95fa-d374360ea28c}</UniqueIdentifier>
    </Filter>
    <Filter Include="Header Files\ricochet\pm_shared">
      <UniqueIdentifier>{2c1b936b-1f82-449f-be5a-1254ef73c3d2}</UniqueIdentifier>
    </Filter>
  </ItemGroup>
  <ItemGroup>
    <ClCompile Include="..\..\ricochet\dlls\wpn_shared\disc_weapon_disc.cpp">
      <Filter>Source Files\_hl\ricochet\dlls\wpn_shared</Filter>
    </ClCompile>
    <ClCompile Include="..\..\ricochet\cl_dll\ev_hldm.cpp">
      <Filter>Source Files\_hl\ricochet\cl_dll</Filter>
    </ClCompile>
    <ClCompile Include="..\..\ricochet\cl_dll\hl\hl_baseentity.cpp">
      <Filter>Source Files\_hl\ricochet\cl_dll\hl</Filter>
    </ClCompile>
    <ClCompile Include="..\..\ricochet\cl_dll\hl\hl_events.cpp">
      <Filter>Source Files\_hl\ricochet\cl_dll\hl</Filter>
    </ClCompile>
    <ClCompile Include="..\..\ricochet\cl_dll\hl\hl_objects.cpp">
      <Filter>Source Files\_hl\ricochet\cl_dll\hl</Filter>
    </ClCompile>
    <ClCompile Include="..\..\ricochet\cl_dll\hl\hl_weapons.cpp">
      <Filter>Source Files\_hl\ricochet\cl_dll\hl</Filter>
    </ClCompile>
    <ClCompile Include="..\..\ricochet\cl_dll\Ricochet_JumpPads.cpp">
      <Filter>Source Files\_hl\ricochet\cl_dll</Filter>
    </ClCompile>
    <ClCompile Include="..\..\ricochet\cl_dll\input.cpp">
      <Filter>Source Files\ricochet\cl_dll</Filter>
    </ClCompile>
    <ClCompile Include="..\..\ricochet\cl_dll\inputw32.cpp">
      <Filter>Source Files\ricochet\cl_dll</Filter>
    </ClCompile>
    <ClCompile Include="..\..\ricochet\cl_dll\ammo.cpp">
      <Filter>Source Files\ricochet\cl_dll</Filter>
    </ClCompile>
    <ClCompile Include="..\..\ricochet\cl_dll\ammo_secondary.cpp">
      <Filter>Source Files\ricochet\cl_dll</Filter>
    </ClCompile>
    <ClCompile Include="..\..\ricochet\cl_dll\ammohistory.cpp">
      <Filter>Source Files\ricochet\cl_dll</Filter>
    </ClCompile>
    <ClCompile Include="..\..\ricochet\cl_dll\battery.cpp">
      <Filter>Source Files\ricochet\cl_dll</Filter>
    </ClCompile>
    <ClCompile Include="..\..\ricochet\cl_dll\cdll_int.cpp">
      <Filter>Source Files\ricochet\cl_dll</Filter>
    </ClCompile>
    <ClCompile Include="..\..\ricochet\cl_dll\com_weapons.cpp">
      <Filter>Source Files\ricochet\cl_dll</Filter>
    </ClCompile>
    <ClCompile Include="..\..\ricochet\cl_dll\death.cpp">
      <Filter>Source Files\ricochet\cl_dll</Filter>
    </ClCompile>
    <ClCompile Include="..\..\ricochet\cl_dll\demo.cpp">
      <Filter>Source Files\ricochet\cl_dll</Filter>
    </ClCompile>
    <ClCompile Include="..\..\ricochet\cl_dll\entity.cpp">
      <Filter>Source Files\ricochet\cl_dll</Filter>
    </ClCompile>
    <ClCompile Include="..\..\ricochet\cl_dll\ev_common.cpp">
      <Filter>Source Files\ricochet\cl_dll</Filter>
    </ClCompile>
    <ClCompile Include="..\..\ricochet\cl_dll\events.cpp">
      <Filter>Source Files\ricochet\cl_dll</Filter>
    </ClCompile>
    <ClCompile Include="..\..\ricochet\cl_dll\flashlight.cpp">
      <Filter>Source Files\ricochet\cl_dll</Filter>
    </ClCompile>
    <ClCompile Include="..\..\ricochet\cl_dll\GameStudioModelRenderer.cpp">
      <Filter>Source Files\ricochet\cl_dll</Filter>
    </ClCompile>
    <ClCompile Include="..\..\ricochet\cl_dll\geiger.cpp">
      <Filter>Source Files\ricochet\cl_dll</Filter>
    </ClCompile>
    <ClCompile Include="..\..\ricochet\cl_dll\health.cpp">
      <Filter>Source Files\ricochet\cl_dll</Filter>
    </ClCompile>
    <ClCompile Include="..\..\ricochet\cl_dll\hud.cpp">
      <Filter>Source Files\ricochet\cl_dll</Filter>
    </ClCompile>
    <ClCompile Include="..\..\ricochet\cl_dll\hud_msg.cpp">
      <Filter>Source Files\ricochet\cl_dll</Filter>
    </ClCompile>
    <ClCompile Include="..\..\ricochet\cl_dll\hud_redraw.cpp">
      <Filter>Source Files\ricochet\cl_dll</Filter>
    </ClCompile>
    <ClCompile Include="..\..\ricochet\cl_dll\hud_servers.cpp">
      <Filter>Source Files\ricochet\cl_dll</Filter>
    </ClCompile>
    <ClCompile Include="..\..\ricochet\cl_dll\hud_update.cpp">
      <Filter>Source Files\ricochet\cl_dll</Filter>
    </ClCompile>
    <ClCompile Include="..\..\ricochet\cl_dll\in_camera.cpp">
      <Filter>Source Files\ricochet\cl_dll</Filter>
    </ClCompile>
    <ClCompile Include="..\..\public\interface.cpp">
      <Filter>Source Files\public</Filter>
    </ClCompile>
    <ClCompile Include="..\..\common\parsemsg.cpp">
      <Filter>Source Files\common</Filter>
    </ClCompile>
    <ClCompile Include="..\..\ricochet\pm_shared\pm_shared.c">
      <Filter>Source Files\ricochet\pm_shared</Filter>
    </ClCompile>
    <ClCompile Include="..\..\ricochet\pm_shared\pm_debug.c">
      <Filter>Source Files\ricochet\pm_shared</Filter>
    </ClCompile>
    <ClCompile Include="..\..\ricochet\pm_shared\pm_math.c">
      <Filter>Source Files\ricochet\pm_shared</Filter>
    </ClCompile>
    <ClCompile Include="..\..\ricochet\cl_dll\saytext.cpp">
      <Filter>Source Files\ricochet\cl_dll</Filter>
    </ClCompile>
    <ClCompile Include="..\..\ricochet\cl_dll\menu.cpp">
      <Filter>Source Files\ricochet\cl_dll</Filter>
    </ClCompile>
    <ClCompile Include="..\..\ricochet\cl_dll\message.cpp">
      <Filter>Source Files\ricochet\cl_dll</Filter>
    </ClCompile>
    <ClCompile Include="..\..\ricochet\cl_dll\tri.cpp">
      <Filter>Source Files\ricochet\cl_dll</Filter>
    </ClCompile>
    <ClCompile Include="..\..\ricochet\cl_dll\util.cpp">
      <Filter>Source Files\ricochet\cl_dll</Filter>
    </ClCompile>
    <ClCompile Include="..\..\ricochet\cl_dll\status_icons.cpp">
      <Filter>Source Files\ricochet\cl_dll</Filter>
    </ClCompile>
    <ClCompile Include="..\..\ricochet\cl_dll\statusbar.cpp">
      <Filter>Source Files\ricochet\cl_dll</Filter>
    </ClCompile>
    <ClCompile Include="..\..\ricochet\cl_dll\studio_util.cpp">
      <Filter>Source Files\ricochet\cl_dll</Filter>
    </ClCompile>
    <ClCompile Include="..\..\ricochet\cl_dll\StudioModelRenderer.cpp">
      <Filter>Source Files\ricochet\cl_dll</Filter>
    </ClCompile>
    <ClCompile Include="..\..\ricochet\cl_dll\text_message.cpp">
      <Filter>Source Files\ricochet\cl_dll</Filter>
    </ClCompile>
    <ClCompile Include="..\..\ricochet\cl_dll\train.cpp">
      <Filter>Source Files\ricochet\cl_dll</Filter>
    </ClCompile>
    <ClCompile Include="..\..\game_shared\vgui_helpers.cpp">
      <Filter>Source Files\game_shared</Filter>
    </ClCompile>
    <ClCompile Include="..\..\game_shared\vgui_checkbutton2.cpp">
      <Filter>Source Files\game_shared</Filter>
    </ClCompile>
    <ClCompile Include="..\..\game_shared\vgui_grid.cpp">
      <Filter>Source Files\game_shared</Filter>
    </ClCompile>
    <ClCompile Include="..\..\ricochet\cl_dll\vgui_int.cpp">
      <Filter>Source Files\ricochet\cl_dll</Filter>
    </ClCompile>
    <ClCompile Include="..\..\ricochet\cl_dll\vgui_ConsolePanel.cpp">
      <Filter>Source Files\ricochet\cl_dll</Filter>
    </ClCompile>
    <ClCompile Include="..\..\ricochet\cl_dll\vgui_ControlConfigPanel.cpp">
      <Filter>Source Files\ricochet\cl_dll</Filter>
    </ClCompile>
    <ClCompile Include="..\..\ricochet\cl_dll\vgui_CustomObjects.cpp">
      <Filter>Source Files\ricochet\cl_dll</Filter>
    </ClCompile>
    <ClCompile Include="..\..\ricochet\cl_dll\vgui_discobjects.cpp">
      <Filter>Source Files\ricochet\cl_dll</Filter>
    </ClCompile>
    <ClCompile Include="..\..\game_shared\vgui_scrollbar2.cpp">
      <Filter>Source Files\game_shared</Filter>
    </ClCompile>
    <ClCompile Include="..\..\game_shared\vgui_listbox.cpp">
      <Filter>Source Files\game_shared</Filter>
    </ClCompile>
    <ClCompile Include="..\..\game_shared\vgui_loadtga.cpp">
      <Filter>Source Files\game_shared</Filter>
    </ClCompile>
    <ClCompile Include="..\..\game_shared\vgui_slider2.cpp">
      <Filter>Source Files\game_shared</Filter>
    </ClCompile>
    <ClCompile Include="..\..\ricochet\cl_dll\vgui_MOTDWindow.cpp">
      <Filter>Source Files\ricochet\cl_dll</Filter>
    </ClCompile>
    <ClCompile Include="..\..\ricochet\cl_dll\vgui_SchemeManager.cpp">
      <Filter>Source Files\ricochet\cl_dll</Filter>
    </ClCompile>
    <ClCompile Include="..\..\ricochet\cl_dll\vgui_ScorePanel.cpp">
      <Filter>Source Files\ricochet\cl_dll</Filter>
    </ClCompile>
    <ClCompile Include="..\..\ricochet\cl_dll\vgui_ServerBrowser.cpp">
      <Filter>Source Files\ricochet\cl_dll</Filter>
    </ClCompile>
    <ClCompile Include="..\..\ricochet\cl_dll\vgui_TeamFortressViewport.cpp">
      <Filter>Source Files\ricochet\cl_dll</Filter>
    </ClCompile>
    <ClCompile Include="..\..\game_shared\voice_banmgr.cpp">
      <Filter>Source Files\game_shared</Filter>
    </ClCompile>
    <ClCompile Include="..\..\ricochet\cl_dll\voice_status.cpp">
      <Filter>Source Files\ricochet\cl_dll</Filter>
    </ClCompile>
    <ClCompile Include="..\..\ricochet\cl_dll\view.cpp">
      <Filter>Source Files\ricochet\cl_dll</Filter>
    </ClCompile>
  </ItemGroup>
  <ItemGroup>
    <ClInclude Include="..\..\ricochet\cl_dll\kbutton.h">
      <Filter>Header Files\ricochet\cl_dll</Filter>
    </ClInclude>
    <ClInclude Include="..\..\ricochet\cl_dll\ammo.h">
      <Filter>Header Files\ricochet\cl_dll</Filter>
    </ClInclude>
    <ClInclude Include="..\..\ricochet\cl_dll\ammohistory.h">
      <Filter>Header Files\ricochet\cl_dll</Filter>
    </ClInclude>
    <ClInclude Include="..\..\ricochet\cl_dll\camera.h">
      <Filter>Header Files\ricochet\cl_dll</Filter>
    </ClInclude>
    <ClInclude Include="..\..\ricochet\cl_dll\cl_dll.h">
      <Filter>Header Files\ricochet\cl_dll</Filter>
    </ClInclude>
    <ClInclude Include="..\..\ricochet\cl_dll\cl_util.h">
      <Filter>Header Files\ricochet\cl_dll</Filter>
    </ClInclude>
    <ClInclude Include="..\..\ricochet\cl_dll\com_weapons.h">
      <Filter>Header Files\ricochet\cl_dll</Filter>
    </ClInclude>
    <ClInclude Include="..\..\ricochet\cl_dll\demo.h">
      <Filter>Header Files\ricochet\cl_dll</Filter>
    </ClInclude>
    <ClInclude Include="..\..\ricochet\cl_dll\ev_hldm.h">
      <Filter>Header Files\ricochet\cl_dll</Filter>
    </ClInclude>
    <ClInclude Include="..\..\ricochet\cl_dll\eventscripts.h">
      <Filter>Header Files\ricochet\cl_dll</Filter>
    </ClInclude>
    <ClInclude Include="..\..\ricochet\cl_dll\GameStudioModelRenderer.h">
      <Filter>Header Files\ricochet\cl_dll</Filter>
    </ClInclude>
    <ClInclude Include="..\..\ricochet\cl_dll\health.h">
      <Filter>Header Files\ricochet\cl_dll</Filter>
    </ClInclude>
    <ClInclude Include="..\..\ricochet\cl_dll\hud.h">
      <Filter>Header Files\ricochet\cl_dll</Filter>
    </ClInclude>
    <ClInclude Include="..\..\ricochet\cl_dll\hud_iface.h">
      <Filter>Header Files\ricochet\cl_dll</Filter>
    </ClInclude>
    <ClInclude Include="..\..\ricochet\cl_dll\hud_servers.h">
      <Filter>Header Files\ricochet\cl_dll</Filter>
    </ClInclude>
    <ClInclude Include="..\..\ricochet\cl_dll\hud_servers_priv.h">
      <Filter>Header Files\ricochet\cl_dll</Filter>
    </ClInclude>
    <ClInclude Include="..\..\ricochet\cl_dll\in_defs.h">
      <Filter>Header Files\ricochet\cl_dll</Filter>
    </ClInclude>
    <ClInclude Include="..\..\common\parsemsg.h">
      <Filter>Header Files\common</Filter>
    </ClInclude>
    <ClInclude Include="..\..\ricochet\pm_shared\pm_shared.h">
      <Filter>Header Files\ricochet\pm_shared</Filter>
    </ClInclude>
    <ClInclude Include="..\..\ricochet\pm_shared\pm_debug.h">
      <Filter>Header Files\ricochet\pm_shared</Filter>
    </ClInclude>
    <ClInclude Include="..\..\ricochet\pm_shared\pm_defs.h">
      <Filter>Header Files\ricochet\pm_shared</Filter>
    </ClInclude>
    <ClInclude Include="..\..\ricochet\pm_shared\pm_info.h">
      <Filter>Header Files\ricochet\pm_shared</Filter>
    </ClInclude>
    <ClInclude Include="..\..\ricochet\pm_shared\pm_materials.h">
      <Filter>Header Files\ricochet\pm_shared</Filter>
    </ClInclude>
    <ClInclude Include="..\..\ricochet\pm_shared\pm_movevars.h">
      <Filter>Header Files\ricochet\pm_shared</Filter>
    </ClInclude>
    <ClInclude Include="..\..\ricochet\cl_dll\wrect.h">
      <Filter>Header Files\ricochet\cl_dll</Filter>
    </ClInclude>
    <ClInclude Include="..\..\ricochet\cl_dll\Ricochet_BSPFile.h">
      <Filter>Header Files\ricochet\cl_dll</Filter>
    </ClInclude>
    <ClInclude Include="..\..\ricochet\cl_dll\Ricochet_JumpPads.h">
      <Filter>Header Files\ricochet\cl_dll</Filter>
    </ClInclude>
    <ClInclude Include="..\..\ricochet\cl_dll\studio_util.h">
      <Filter>Header Files\ricochet\cl_dll</Filter>
    </ClInclude>
    <ClInclude Include="..\..\ricochet\cl_dll\StudioModelRenderer.h">
      <Filter>Header Files\ricochet\cl_dll</Filter>
    </ClInclude>
    <ClInclude Include="..\..\ricochet\cl_dll\util_vector.h">
      <Filter>Header Files\ricochet\cl_dll</Filter>
    </ClInclude>
    <ClInclude Include="..\..\ricochet\cl_dll\vgui_ConsolePanel.h">
      <Filter>Header Files\ricochet\cl_dll</Filter>
    </ClInclude>
    <ClInclude Include="..\..\ricochet\cl_dll\vgui_ControlConfigPanel.h">
      <Filter>Header Files\ricochet\cl_dll</Filter>
    </ClInclude>
    <ClInclude Include="..\..\ricochet\cl_dll\vgui_discobjects.h">
      <Filter>Header Files\ricochet\cl_dll</Filter>
    </ClInclude>
    <ClInclude Include="..\..\ricochet\cl_dll\vgui_int.h">
      <Filter>Header Files\ricochet\cl_dll</Filter>
    </ClInclude>
    <ClInclude Include="..\..\ricochet\cl_dll\vgui_SchemeManager.h">
      <Filter>Header Files\ricochet\cl_dll</Filter>
    </ClInclude>
    <ClInclude Include="..\..\ricochet\cl_dll\vgui_ScorePanel.h">
      <Filter>Header Files\ricochet\cl_dll</Filter>
    </ClInclude>
    <ClInclude Include="..\..\ricochet\cl_dll\vgui_ServerBrowser.h">
      <Filter>Header Files\ricochet\cl_dll</Filter>
    </ClInclude>
    <ClInclude Include="..\..\ricochet\cl_dll\vgui_TeamFortressViewport.h">
      <Filter>Header Files\ricochet\cl_dll</Filter>
    </ClInclude>
    <ClInclude Include="..\..\ricochet\cl_dll\view.h">
      <Filter>Header Files\ricochet\cl_dll</Filter>
    </ClInclude>
  </ItemGroup>
</Project>