<?xml version="1.0" encoding="utf-8"?>
<Project ToolsVersion="4.0" xmlns="http://schemas.microsoft.com/developer/msbuild/2003">
  <ItemGroup>
    <Filter Include="Source Files">
      <UniqueIdentifier>{4FC737F1-C7A5-4376-A066-2A32D752A2FF}</UniqueIdentifier>
      <Extensions>cpp;c;cc;cxx;def;odl;idl;hpj;bat;asm;asmx</Extensions>
    </Filter>
    <Filter Include="Header Files">
      <UniqueIdentifier>{93995380-89BD-4b04-88EB-625FBE52EBFB}</UniqueIdentifier>
      <Extensions>h;hpp;hxx;hm;inl;inc;xsd</Extensions>
    </Filter>
    <Filter Include="Resource Files">
      <UniqueIdentifier>{67DA6AB6-F800-4c08-8B7A-83BB121AAD01}</UniqueIdentifier>
      <Extensions>rc;ico;cur;bmp;dlg;rc2;rct;bin;rgs;gif;jpg;jpeg;jpe;resx;tiff;tif;png;wav;mfcribbon-ms</Extensions>
    </Filter>
    <Filter Include="Source Files\cl_dll">
      <UniqueIdentifier>{01b8d565-8fa1-4999-8cb6-01da5dd1e555}</UniqueIdentifier>
    </Filter>
    <Filter Include="Source Files\common">
      <UniqueIdentifier>{6887a889-19a5-42f7-8af9-2af4b64cbf2b}</UniqueIdentifier>
    </Filter>
    <Filter Include="Source Files\pm_shared">
      <UniqueIdentifier>{7d8ce8c9-fed8-42ee-9ba0-73d0fee6006a}</UniqueIdentifier>
    </Filter>
    <Filter Include="Source Files\game_shared">
      <UniqueIdentifier>{83318ea3-5019-4d8a-a9f9-4922cdb1c9bb}</UniqueIdentifier>
    </Filter>
    <Filter Include="Header Files\cl_dll">
      <UniqueIdentifier>{95dcdae3-b427-4517-a477-bfa2583b2e1f}</UniqueIdentifier>
    </Filter>
    <Filter Include="Header Files\common">
      <UniqueIdentifier>{54679c20-fece-4cb1-bef2-017d30f31af0}</UniqueIdentifier>
    </Filter>
    <Filter Include="Header Files\pm_shared">
      <UniqueIdentifier>{fb64b597-8c31-4391-b259-6121f67bbccb}</UniqueIdentifier>
    </Filter>
    <Filter Include="Header Files\game_shared">
      <UniqueIdentifier>{dfaa6b94-3821-41ff-a9c2-ef94fbb0d7d1}</UniqueIdentifier>
    </Filter>
    <Filter Include="Source Files\public">
      <UniqueIdentifier>{c053705f-05f3-4d16-ab13-80bfa84cbe75}</UniqueIdentifier>
    </Filter>
    <Filter Include="Source Files\_hl">
      <UniqueIdentifier>{f033f23a-ab54-411c-bebf-72d10839418e}</UniqueIdentifier>
    </Filter>
    <Filter Include="Source Files\_hl\dlls">
      <UniqueIdentifier>{a2469e54-cb56-4161-b6b1-55c9d93676c1}</UniqueIdentifier>
    </Filter>
    <Filter Include="Source Files\_hl\dlls\wpn_shared">
      <UniqueIdentifier>{a46a0ff1-e7ad-43c4-afb8-6c93e71803a1}</UniqueIdentifier>
    </Filter>
    <Filter Include="Source Files\_hl\cl_dll">
      <UniqueIdentifier>{5bff06ec-c232-4dd2-8642-4e2ce64f31ef}</UniqueIdentifier>
    </Filter>
    <Filter Include="Source Files\_hl\cl_dll\hl">
      <UniqueIdentifier>{bd9d5958-4e67-4bff-bbd8-6ba6dfcdb720}</UniqueIdentifier>
    </Filter>
  </ItemGroup>
  <ItemGroup>
    <ClCompile Include="..\..\dlls\crossbow.cpp">
      <Filter>Source Files\_hl\dlls</Filter>
    </ClCompile>
    <ClCompile Include="..\..\dlls\crowbar.cpp">
      <Filter>Source Files\_hl\dlls</Filter>
    </ClCompile>
    <ClCompile Include="..\..\dlls\egon.cpp">
      <Filter>Source Files\_hl\dlls</Filter>
    </ClCompile>
    <ClCompile Include="..\..\cl_dll\ev_hldm.cpp">
      <Filter>Source Files\_hl\cl_dll</Filter>
    </ClCompile>
    <ClCompile Include="..\..\dlls\gauss.cpp">
      <Filter>Source Files\_hl\dlls</Filter>
    </ClCompile>
    <ClCompile Include="..\..\dlls\handgrenade.cpp">
      <Filter>Source Files\_hl\dlls</Filter>
    </ClCompile>
    <ClCompile Include="..\..\cl_dll\hl\hl_weapons.cpp">
      <Filter>Source Files\_hl\cl_dll\hl</Filter>
    </ClCompile>
    <ClCompile Include="..\..\cl_dll\hl\hl_baseentity.cpp">
      <Filter>Source Files\_hl\cl_dll\hl</Filter>
    </ClCompile>
    <ClCompile Include="..\..\cl_dll\hl\hl_events.cpp">
      <Filter>Source Files\_hl\cl_dll\hl</Filter>
    </ClCompile>
    <ClCompile Include="..\..\cl_dll\hl\hl_objects.cpp">
      <Filter>Source Files\_hl\cl_dll\hl</Filter>
    </ClCompile>
    <ClCompile Include="..\..\dlls\wpn_shared\hl_wpn_glock.cpp">
      <Filter>Source Files\_hl\dlls\wpn_shared</Filter>
    </ClCompile>
    <ClCompile Include="..\..\dlls\squeakgrenade.cpp">
      <Filter>Source Files\_hl\dlls</Filter>
    </ClCompile>
    <ClCompile Include="..\..\dlls\hornetgun.cpp">
      <Filter>Source Files\_hl\dlls</Filter>
    </ClCompile>
    <ClCompile Include="..\..\dlls\mp5.cpp">
      <Filter>Source Files\_hl\dlls</Filter>
    </ClCompile>
    <ClCompile Include="..\..\dlls\python.cpp">
      <Filter>Source Files\_hl\dlls</Filter>
    </ClCompile>
    <ClCompile Include="..\..\dlls\rpg.cpp">
      <Filter>Source Files\_hl\dlls</Filter>
    </ClCompile>
    <ClCompile Include="..\..\dlls\satchel.cpp">
      <Filter>Source Files\_hl\dlls</Filter>
    </ClCompile>
    <ClCompile Include="..\..\dlls\shotgun.cpp">
      <Filter>Source Files\_hl\dlls</Filter>
    </ClCompile>
    <ClCompile Include="..\..\dlls\tripmine.cpp">
      <Filter>Source Files\_hl\dlls</Filter>
    </ClCompile>
    <ClCompile Include="..\..\cl_dll\death.cpp">
      <Filter>Source Files\cl_dll</Filter>
    </ClCompile>
    <ClCompile Include="..\..\cl_dll\ammo.cpp">
      <Filter>Source Files\cl_dll</Filter>
    </ClCompile>
    <ClCompile Include="..\..\cl_dll\ammo_secondary.cpp">
      <Filter>Source Files\cl_dll</Filter>
    </ClCompile>
    <ClCompile Include="..\..\cl_dll\ammohistory.cpp">
      <Filter>Source Files\cl_dll</Filter>
    </ClCompile>
    <ClCompile Include="..\..\cl_dll\battery.cpp">
      <Filter>Source Files\cl_dll</Filter>
    </ClCompile>
    <ClCompile Include="..\..\cl_dll\cdll_int.cpp">
      <Filter>Source Files\cl_dll</Filter>
    </ClCompile>
    <ClCompile Include="..\..\cl_dll\com_weapons.cpp">
      <Filter>Source Files\cl_dll</Filter>
    </ClCompile>
    <ClCompile Include="..\..\cl_dll\message.cpp">
      <Filter>Source Files\cl_dll</Filter>
    </ClCompile>
    <ClCompile Include="..\..\cl_dll\demo.cpp">
      <Filter>Source Files\cl_dll</Filter>
    </ClCompile>
    <ClCompile Include="..\..\cl_dll\entity.cpp">
      <Filter>Source Files\cl_dll</Filter>
    </ClCompile>
    <ClCompile Include="..\..\cl_dll\ev_common.cpp">
      <Filter>Source Files\cl_dll</Filter>
    </ClCompile>
    <ClCompile Include="..\..\cl_dll\events.cpp">
      <Filter>Source Files\cl_dll</Filter>
    </ClCompile>
    <ClCompile Include="..\..\cl_dll\flashlight.cpp">
      <Filter>Source Files\cl_dll</Filter>
    </ClCompile>
    <ClCompile Include="..\..\cl_dll\GameStudioModelRenderer.cpp">
      <Filter>Source Files\cl_dll</Filter>
    </ClCompile>
    <ClCompile Include="..\..\cl_dll\geiger.cpp">
      <Filter>Source Files\cl_dll</Filter>
    </ClCompile>
    <ClCompile Include="..\..\cl_dll\health.cpp">
      <Filter>Source Files\cl_dll</Filter>
    </ClCompile>
    <ClCompile Include="..\..\cl_dll\hud.cpp">
      <Filter>Source Files\cl_dll</Filter>
    </ClCompile>
    <ClCompile Include="..\..\cl_dll\hud_bench.cpp">
      <Filter>Source Files\cl_dll</Filter>
    </ClCompile>
    <ClCompile Include="..\..\cl_dll\hud_benchtrace.cpp">
      <Filter>Source Files\cl_dll</Filter>
    </ClCompile>
    <ClCompile Include="..\..\cl_dll\hud_msg.cpp">
      <Filter>Source Files\cl_dll</Filter>
    </ClCompile>
    <ClCompile Include="..\..\cl_dll\hud_redraw.cpp">
      <Filter>Source Files\cl_dll</Filter>
    </ClCompile>
    <ClCompile Include="..\..\cl_dll\hud_servers.cpp">
      <Filter>Source Files\cl_dll</Filter>
    </ClCompile>
    <ClCompile Include="..\..\cl_dll\hud_spectator.cpp">
      <Filter>Source Files\cl_dll</Filter>
    </ClCompile>
    <ClCompile Include="..\..\cl_dll\hud_update.cpp">
      <Filter>Source Files\cl_dll</Filter>
    </ClCompile>
    <ClCompile Include="..\..\cl_dll\in_camera.cpp">
      <Filter>Source Files\cl_dll</Filter>
    </ClCompile>
    <ClCompile Include="..\..\cl_dll\input.cpp">
      <Filter>Source Files\cl_dll</Filter>
    </ClCompile>
    <ClCompile Include="..\..\cl_dll\inputw32.cpp">
      <Filter>Source Files\cl_dll</Filter>
    </ClCompile>
    <ClCompile Include="..\..\cl_dll\interpolation.cpp">
      <Filter>Source Files\cl_dll</Filter>
    </ClCompile>
    <ClCompile Include="..\..\cl_dll\menu.cpp">
      <Filter>Source Files\cl_dll</Filter>
    </ClCompile>
    <ClCompile Include="..\..\common\parsemsg.cpp">
      <Filter>Source Files\common</Filter>
    </ClCompile>
    <ClCompile Include="..\..\pm_shared\pm_shared.c">
      <Filter>Source Files\pm_shared</Filter>
    </ClCompile>
    <ClCompile Include="..\..\pm_shared\pm_debug.c">
      <Filter>Source Files\pm_shared</Filter>
    </ClCompile>
    <ClCompile Include="..\..\pm_shared\pm_math.c">
      <Filter>Source Files\pm_shared</Filter>
    </ClCompile>
    <ClCompile Include="..\..\cl_dll\util.cpp">
      <Filter>Source Files\cl_dll</Filter>
    </ClCompile>
    <ClCompile Include="..\..\cl_dll\saytext.cpp">
      <Filter>Source Files\cl_dll</Filter>
    </ClCompile>
    <ClCompile Include="..\..\cl_dll\status_icons.cpp">
      <Filter>Source Files\cl_dll</Filter>
    </ClCompile>
    <ClCompile Include="..\..\cl_dll\statusbar.cpp">
      <Filter>Source Files\cl_dll</Filter>
    </ClCompile>
    <ClCompile Include="..\..\cl_dll\studio_util.cpp">
      <Filter>Source Files\cl_dll</Filter>
    </ClCompile>
    <ClCompile Include="..\..\cl_dll\StudioModelRenderer.cpp">
      <Filter>Source Files\cl_dll</Filter>
    </ClCompile>
    <ClCompile Include="..\..\cl_dll\text_message.cpp">
      <Filter>Source Files\cl_dll</Filter>
    </ClCompile>
    <ClCompile Include="..\..\cl_dll\train.cpp">
      <Filter>Source Files\cl_dll</Filter>
    </ClCompile>
    <ClCompile Include="..\..\cl_dll\tri.cpp">
      <Filter>Source Files\cl_dll</Filter>
    </ClCompile>
    <ClCompile Include="..\..\game_shared\vgui_checkbutton2.cpp">
      <Filter>Source Files\game_shared</Filter>
    </ClCompile>
    <ClCompile Include="..\..\cl_dll\vgui_CustomObjects.cpp">
      <Filter>Source Files\cl_dll</Filter>
    </ClCompile>
    <ClCompile Include="..\..\cl_dll\vgui_ClassMenu.cpp">
      <Filter>Source Files\cl_dll</Filter>
    </ClCompile>
    <ClCompile Include="..\..\cl_dll\vgui_ControlConfigPanel.cpp">
      <Filter>Source Files\cl_dll</Filter>
    </ClCompile>
    <ClCompile Include="..\..\game_shared\vgui_grid.cpp">
      <Filter>Source Files\game_shared</Filter>
    </ClCompile>
    <ClCompile Include="..\..\game_shared\vgui_helpers.cpp">
      <Filter>Source Files\game_shared</Filter>
    </ClCompile>
    <ClCompile Include="..\..\cl_dll\vgui_int.cpp">
      <Filter>Source Files\cl_dll</Filter>
    </ClCompile>
    <ClCompile Include="..\..\game_shared\vgui_loadtga.cpp">
      <Filter>Source Files\game_shared</Filter>
    </ClCompile>
    <ClCompile Include="..\..\game_shared\vgui_listbox.cpp">
      <Filter>Source Files\game_shared</Filter>
    </ClCompile>
    <ClCompile Include="..\..\cl_dll\vgui_MOTDWindow.cpp">
      <Filter>Source Files\cl_dll</Filter>
    </ClCompile>
    <ClCompile Include="..\..\cl_dll\vgui_SchemeManager.cpp">
      <Filter>Source Files\cl_dll</Filter>
    </ClCompile>
    <ClCompile Include="..\..\cl_dll\vgui_ScorePanel.cpp">
      <Filter>Source Files\cl_dll</Filter>
    </ClCompile>
    <ClCompile Include="..\..\game_shared\voice_banmgr.cpp">
      <Filter>Source Files\game_shared</Filter>
    </ClCompile>
    <ClCompile Include="..\..\game_shared\vgui_scrollbar2.cpp">
      <Filter>Source Files\game_shared</Filter>
    </ClCompile>
    <ClCompile Include="..\..\game_shared\vgui_slider2.cpp">
      <Filter>Source Files\game_shared</Filter>
    </ClCompile>
    <ClCompile Include="..\..\cl_dll\view.cpp">
      <Filter>Source Files\cl_dll</Filter>
    </ClCompile>
    <ClCompile Include="..\..\cl_dll\vgui_ServerBrowser.cpp">
      <Filter>Source Files\cl_dll</Filter>
    </ClCompile>
    <ClCompile Include="..\..\cl_dll\vgui_SpectatorPanel.cpp">
      <Filter>Source Files\cl_dll</Filter>
    </ClCompile>
    <ClCompile Include="..\..\cl_dll\vgui_TeamFortressViewport.cpp">
      <Filter>Source Files\cl_dll</Filter>
    </ClCompile>
    <ClCompile Include="..\..\cl_dll\vgui_teammenu.cpp">
      <Filter>Source Files\cl_dll</Filter>
    </ClCompile>
    <ClCompile Include="..\..\cl_dll\voice_status.cpp">
      <Filter>Source Files\cl_dll</Filter>
    </ClCompile>
    <ClCompile Include="..\..\public\interface.cpp">
      <Filter>Source Files\public</Filter>
    </ClCompile>
  </ItemGroup>
  <ItemGroup>
    <ClInclude Include="..\..\cl_dll\kbutton.h">
      <Filter>Header Files\cl_dll</Filter>
    </ClInclude>
    <ClInclude Include="..\..\cl_dll\ammo.h">
      <Filter>Header Files\cl_dll</Filter>
    </ClInclude>
    <ClInclude Include="..\..\cl_dll\ammohistory.h">
      <Filter>Header Files\cl_dll</Filter>
    </ClInclude>
    <ClInclude Include="..\..\cl_dll\camera.h">
      <Filter>Header Files\cl_dll</Filter>
    </ClInclude>
    <ClInclude Include="..\..\cl_dll\cl_dll.h">
      <Filter>Header Files\cl_dll</Filter>
    </ClInclude>
    <ClInclude Include="..\..\cl_dll\cl_util.h">
      <Filter>Header Files\cl_dll</Filter>
    </ClInclude>
    <ClInclude Include="..\..\cl_dll\com_weapons.h">
      <Filter>Header Files\cl_dll</Filter>
    </ClInclude>
    <ClInclude Include="..\..\cl_dll\demo.h">
      <Filter>Header Files\cl_dll</Filter>
    </ClInclude>
    <ClInclude Include="..\..\cl_dll\ev_hldm.h">
      <Filter>Header Files\cl_dll</Filter>
    </ClInclude>
    <ClInclude Include="..\..\cl_dll\eventscripts.h">
      <Filter>Header Files\cl_dll</Filter>
    </ClInclude>
    <ClInclude Include="..\..\cl_dll\GameStudioModelRenderer.h">
      <Filter>Header Files\cl_dll</Filter>
    </ClInclude>
    <ClInclude Include="..\..\cl_dll\health.h">
      <Filter>Header Files\cl_dll</Filter>
    </ClInclude>
    <ClInclude Include="..\..\cl_dll\hud.h">
      <Filter>Header Files\cl_dll</Filter>
    </ClInclude>
    <ClInclude Include="..\..\cl_dll\hud_servers.h">
      <Filter>Header Files\cl_dll</Filter>
    </ClInclude>
    <ClInclude Include="..\..\cl_dll\hud_servers_priv.h">
      <Filter>Header Files\cl_dll</Filter>
    </ClInclude>
    <ClInclude Include="..\..\cl_dll\hud_spectator.h">
      <Filter>Header Files\cl_dll</Filter>
    </ClInclude>
    <ClInclude Include="..\..\cl_dll\in_defs.h">
      <Filter>Header Files\cl_dll</Filter>
    </ClInclude>
    <ClInclude Include="..\..\cl_dll\interpolation.h">
      <Filter>Header Files\cl_dll</Filter>
    </ClInclude>
    <ClInclude Include="..\..\common\parsemsg.h">
      <Filter>Header Files\common</Filter>
    </ClInclude>
    <ClInclude Include="..\..\pm_shared\pm_shared.h">
      <Filter>Header Files\pm_shared</Filter>
    </ClInclude>
    <ClInclude Include="..\..\pm_shared\pm_debug.h">
      <Filter>Header Files\pm_shared</Filter>
    </ClInclude>
    <ClInclude Include="..\..\pm_shared\pm_defs.h">
      <Filter>Header Files\pm_shared</Filter>
    </ClInclude>
    <ClInclude Include="..\..\pm_shared\pm_info.h">
      <Filter>Header Files\pm_shared</Filter>
    </ClInclude>
    <ClInclude Include="..\..\pm_shared\pm_materials.h">
      <Filter>Header Files\pm_shared</Filter>
    </ClInclude>
    <ClInclude Include="..\..\pm_shared\pm_movevars.h">
      <Filter>Header Files\pm_shared</Filter>
    </ClInclude>
    <ClInclude Include="..\..\cl_dll\vgui_ScorePanel.h">
      <Filter>Header Files\cl_dll</Filter>
    </ClInclude>
    <ClInclude Include="..\..\cl_dll\StudioModelRenderer.h">
      <Filter>Header Files\cl_dll</Filter>
    </ClInclude>
    <ClInclude Include="..\..\cl_dll\tri.h">
      <Filter>Header Files\cl_dll</Filter>
    </ClInclude>
    <ClInclude Include="..\..\cl_dll\util_vector.h">
      <Filter>Header Files\cl_dll</Filter>
    </ClInclude>
    <ClInclude Include="..\..\cl_dll\vgui_ControlConfigPanel.h">
      <Filter>Header Files\cl_dll</Filter>
    </ClInclude>
    <ClInclude Include="..\..\cl_dll\vgui_int.h">
      <Filter>Header Files\cl_dll</Filter>
    </ClInclude>
    <ClInclude Include="..\..\cl_dll\vgui_SchemeManager.h">
      <Filter>Header Files\cl_dll</Filter>
    </ClInclude>
    <ClInclude Include="..\..\game_shared\vgui_slider2.h">
      <Filter>Header Files\game_shared</Filter>
    </ClInclude>
    <ClInclude Include="..\..\game_shared\voice_status.h">
      <Filter>Header Files\game_shared</Filter>
    </ClInclude>
    <ClInclude Include="..\..\game_shared\vgui_scrollbar2.h">
      <Filter>Header Files\game_shared</Filter>
    </ClInclude>
    <ClInclude Include="..\..\game_shared\voice_banmgr.h">
      <Filter>Header Files\game_shared</Filter>
    </ClInclude>
    <ClInclude Include="..\..\cl_dll\wrect.h">
      <Filter>Header Files\cl_dll</Filter>
    </ClInclude>
    <ClInclude Include="..\..\cl_dll\vgui_ServerBrowser.h">
      <Filter>Header Files\cl_dll</Filter>
    </ClInclude>
    <ClInclude Include="..\..\cl_dll\vgui_SpectatorPanel.h">
      <Filter>Header Files\cl_dll</Filter>
    </ClInclude>
    <ClInclude Include="..\..\cl_dll\view.h">
      <Filter>Header Files\cl_dll</Filter>
    </ClInclude>
  </ItemGroup>
  <ItemGroup>
    <Library Include="..\..\lib\public\game_controls.lib" />
  </ItemGroup>
</Project>