<?xml version="1.0" encoding="utf-8"?>
<Project ToolsVersion="4.0" xmlns="http://schemas.microsoft.com/developer/msbuild/2003">
  <ItemGroup>
    <Filter Include="Source Files">
      <UniqueIdentifier>{4FC737F1-C7A5-4376-A066-2A32D752A2FF}</UniqueIdentifier>
      <Extensions>cpp;c;cc;cxx;def;odl;idl;hpj;bat;asm;asmx</Extensions>
    </Filter>
    <Filter Include="Header Files">
      <UniqueIdentifier>{93995380-89BD-4b04-88EB-625FBE52EBFB}</UniqueIdentifier>
      <Extensions>h;hpp;hxx;hm;inl;inc;xsd</Extensions>
    </Filter>
    <Filter Include="Resource Files">
      <UniqueIdentifier>{67DA6AB6-F800-4c08-8B7A-83BB121AAD01}</UniqueIdentifier>
      <Extensions>rc;ico;cur;bmp;dlg;rc2;rct;bin;rgs;gif;jpg;jpeg;jpe;resx;tiff;tif;png;wav;mfcribbon-ms</Extensions>
    </Filter>
    <Filter Include="Source Files\dlls">
      <UniqueIdentifier>{a59f65b1-455f-459d-bc2a-75775255cd5c}</UniqueIdentifier>
    </Filter>
    <Filter Include="Source Files\dlls\wpn_shared">
      <UniqueIdentifier>{000b311c-d555-467e-b6cb-5e669fb8c45e}</UniqueIdentifier>
    </Filter>
    <Filter Include="Source Files\pm_shared">
      <UniqueIdentifier>{7f184267-1d16-4bbc-9212-a804fcd04e6a}</UniqueIdentifier>
    </Filter>
    <Filter Include="Source Files\game_shared">
      <UniqueIdentifier>{9cd951c6-53c4-4c79-826f-13ac1af8a8b6}</UniqueIdentifier>
    </Filter>
    <Filter Include="Header Files\dlls">
      <UniqueIdentifier>{e3b69fef-bfa6-4270-8280-f2b25793ac4e}</UniqueIdentifier>
    </Filter>
    <Filter Include="Header Files\engine">
      <UniqueIdentifier>{b85e935a-5cc8-482d-b85f-6cdaa3452ccb}</UniqueIdentifier>
    </Filter>
    <Filter Include="Header Files\pm_shared">
      <UniqueIdentifier>{37941113-16fa-4ce0-9bdd-a72a1ced8902}</UniqueIdentifier>
    </Filter>
  </ItemGroup>
  <ItemGroup>
    <ClCompile Include="..\..\dlls\aflock.cpp">
      <Filter>Source Files\dlls</Filter>
    </ClCompile>
    <ClCompile Include="..\..\dlls\agrunt.cpp">
      <Filter>Source Files\dlls</Filter>
    </ClCompile>
    <ClCompile Include="..\..\dlls\airtank.cpp">
      <Filter>Source Files\dlls</Filter>
    </ClCompile>
    <ClCompile Include="..\..\dlls\animating.cpp">
      <Filter>Source Files\dlls</Filter>
    </ClCompile>
    <ClCompile Include="..\..\dlls\animation.cpp">
      <Filter>Source Files\dlls</Filter>
    </ClCompile>
    <ClCompile Include="..\..\dlls\apache.cpp">
      <Filter>Source Files\dlls</Filter>
    </ClCompile>
    <ClCompile Include="..\..\dlls\barnacle.cpp">
      <Filter>Source Files\dlls</Filter>
    </ClCompile>
    <ClCompile Include="..\..\dlls\barney.cpp">
      <Filter>Source Files\dlls</Filter>
    </ClCompile>
    <ClCompile Include="..\..\dlls\bigmomma.cpp">
      <Filter>Source Files\dlls</Filter>
    </ClCompile>
    <ClCompile Include="..\..\dlls\bloater.cpp">
      <Filter>Source Files\dlls</Filter>
    </ClCompile>
    <ClCompile Include="..\..\dlls\bmodels.cpp">
      <Filter>Source Files\dlls</Filter>
    </ClCompile>
    <ClCompile Include="..\..\dlls\bullsquid.cpp">
      <Filter>Source Files\dlls</Filter>
    </ClCompile>
    <ClCompile Include="..\..\dlls\buttons.cpp">
      <Filter>Source Files\dlls</Filter>
    </ClCompile>
    <ClCompile Include="..\..\dlls\cbase.cpp">
      <Filter>Source Files\dlls</Filter>
    </ClCompile>
    <ClCompile Include="..\..\dlls\client.cpp">
      <Filter>Source Files\dlls</Filter>
    </ClCompile>
    <ClCompile Include="..\..\dlls\combat.cpp">
      <Filter>Source Files\dlls</Filter>
    </ClCompile>
    <ClCompile Include="..\..\dlls\controller.cpp">
      <Filter>Source Files\dlls</Filter>
    </ClCompile>
    <ClCompile Include="..\..\dlls\crossbow.cpp">
      <Filter>Source Files\dlls</Filter>
    </ClCompile>
    <ClCompile Include="..\..\dlls\crowbar.cpp">
      <Filter>Source Files\dlls</Filter>
    </ClCompile>
    <ClCompile Include="..\..\dlls\defaultai.cpp">
      <Filter>Source Files\dlls</Filter>
    </ClCompile>
    <ClCompile Include="..\..\dlls\gman.cpp">
      <Filter>Source Files\dlls</Filter>
    </ClCompile>
    <ClCompile Include="..\..\dlls\doors.cpp">
      <Filter>Source Files\dlls</Filter>
    </ClCompile>
    <ClCompile Include="..\..\dlls\effects.cpp">
      <Filter>Source Files\dlls</Filter>
    </ClCompile>
    <ClCompile Include="..\..\dlls\egon.cpp">
      <Filter>Source Files\dlls</Filter>
    </ClCompile>
    <ClCompile Include="..\..\dlls\explode.cpp">
      <Filter>Source Files\dlls</Filter>
    </ClCompile>
    <ClCompile Include="..\..\dlls\flyingmonster.cpp">
      <Filter>Source Files\dlls</Filter>
    </ClCompile>
    <ClCompile Include="..\..\dlls\func_break.cpp">
      <Filter>Source Files\dlls</Filter>
    </ClCompile>
    <ClCompile Include="..\..\dlls\func_tank.cpp">
      <Filter>Source Files\dlls</Filter>
    </ClCompile>
    <ClCompile Include="..\..\dlls\game.cpp">
      <Filter>Source Files\dlls</Filter>
    </ClCompile>
    <ClCompile Include="..\..\dlls\gamerules.cpp">
      <Filter>Source Files\dlls</Filter>
    </ClCompile>
    <ClCompile Include="..\..\dlls\gargantua.cpp">
      <Filter>Source Files\dlls</Filter>
    </ClCompile>
    <ClCompile Include="..\..\dlls\gauss.cpp">
      <Filter>Source Files\dlls</Filter>
    </ClCompile>
    <ClCompile Include="..\..\dlls\genericmonster.cpp">
      <Filter>Source Files\dlls</Filter>
    </ClCompile>
    <ClCompile Include="..\..\dlls\ggrenade.cpp">
      <Filter>Source Files\dlls</Filter>
    </ClCompile>
    <ClCompile Include="..\..\dlls\globals.cpp">
      <Filter>Source Files\dlls</Filter>
    </ClCompile>
    <ClCompile Include="..\..\dlls\h_ai.cpp">
      <Filter>Source Files\dlls</Filter>
    </ClCompile>
    <ClCompile Include="..\..\dlls\h_battery.cpp">
      <Filter>Source Files\dlls</Filter>
    </ClCompile>
    <ClCompile Include="..\..\dlls\h_cine.cpp">
      <Filter>Source Files\dlls</Filter>
    </ClCompile>
    <ClCompile Include="..\..\dlls\h_cycler.cpp">
      <Filter>Source Files\dlls</Filter>
    </ClCompile>
    <ClCompile Include="..\..\dlls\h_export.cpp">
      <Filter>Source Files\dlls</Filter>
    </ClCompile>
    <ClCompile Include="..\..\dlls\handgrenade.cpp">
      <Filter>Source Files\dlls</Filter>
    </ClCompile>
    <ClCompile Include="..\..\dlls\hassassin.cpp">
      <Filter>Source Files\dlls</Filter>
    </ClCompile>
    <ClCompile Include="..\..\dlls\headcrab.cpp">
      <Filter>Source Files\dlls</Filter>
    </ClCompile>
    <ClCompile Include="..\..\dlls\healthkit.cpp">
      <Filter>Source Files\dlls</Filter>
    </ClCompile>
    <ClCompile Include="..\..\dlls\hgrunt.cpp">
      <Filter>Source Files\dlls</Filter>
    </ClCompile>
    <ClCompile Include="..\..\dlls\wpn_shared\hl_wpn_glock.cpp">
      <Filter>Source Files\dlls\wpn_shared</Filter>
    </ClCompile>
    <ClCompile Include="..\..\dlls\monstermaker.cpp">
      <Filter>Source Files\dlls</Filter>
    </ClCompile>
    <ClCompile Include="..\..\dlls\hornet.cpp">
      <Filter>Source Files\dlls</Filter>
    </ClCompile>
    <ClCompile Include="..\..\dlls\hornetgun.cpp">
      <Filter>Source Files\dlls</Filter>
    </ClCompile>
    <ClCompile Include="..\..\dlls\houndeye.cpp">
      <Filter>Source Files\dlls</Filter>
    </ClCompile>
    <ClCompile Include="..\..\dlls\ichthyosaur.cpp">
      <Filter>Source Files\dlls</Filter>
    </ClCompile>
    <ClCompile Include="..\..\dlls\islave.cpp">
      <Filter>Source Files\dlls</Filter>
    </ClCompile>
    <ClCompile Include="..\..\dlls\items.cpp">
      <Filter>Source Files\dlls</Filter>
    </ClCompile>
    <ClCompile Include="..\..\dlls\leech.cpp">
      <Filter>Source Files\dlls</Filter>
    </ClCompile>
    <ClCompile Include="..\..\dlls\lights.cpp">
      <Filter>Source Files\dlls</Filter>
    </ClCompile>
    <ClCompile Include="..\..\dlls\maprules.cpp">
      <Filter>Source Files\dlls</Filter>
    </ClCompile>
    <ClCompile Include="..\..\dlls\player.cpp">
      <Filter>Source Files\dlls</Filter>
    </ClCompile>
    <ClCompile Include="..\..\dlls\monsters.cpp">
      <Filter>Source Files\dlls</Filter>
    </ClCompile>
    <ClCompile Include="..\..\dlls\monsterstate.cpp">
      <Filter>Source Files\dlls</Filter>
    </ClCompile>
    <ClCompile Include="..\..\dlls\mortar.cpp">
      <Filter>Source Files\dlls</Filter>
    </ClCompile>
    <ClCompile Include="..\..\dlls\mp5.cpp">
      <Filter>Source Files\dlls</Filter>
    </ClCompile>
    <ClCompile Include="..\..\dlls\multiplay_gamerules.cpp">
      <Filter>Source Files\dlls</Filter>
    </ClCompile>
    <ClCompile Include="..\..\dlls\nihilanth.cpp">
      <Filter>Source Files\dlls</Filter>
    </ClCompile>
    <ClCompile Include="..\..\dlls\nodes.cpp">
      <Filter>Source Files\dlls</Filter>
    </ClCompile>
    <ClCompile Include="..\..\dlls\observer.cpp">
      <Filter>Source Files\dlls</Filter>
    </ClCompile>
    <ClCompile Include="..\..\dlls\osprey.cpp">
      <Filter>Source Files\dlls</Filter>
    </ClCompile>
    <ClCompile Include="..\..\dlls\pathcorner.cpp">
      <Filter>Source Files\dlls</Filter>
    </ClCompile>
    <ClCompile Include="..\..\dlls\plane.cpp">
      <Filter>Source Files\dlls</Filter>
    </ClCompile>
    <ClCompile Include="..\..\dlls\plats.cpp">
      <Filter>Source Files\dlls</Filter>
    </ClCompile>
    <ClCompile Include="..\..\pm_shared\pm_shared.c">
      <Filter>Source Files\pm_shared</Filter>
    </ClCompile>
    <ClCompile Include="..\..\pm_shared\pm_debug.c">
      <Filter>Source Files\pm_shared</Filter>
    </ClCompile>
    <ClCompile Include="..\..\pm_shared\pm_math.c">
      <Filter>Source Files\pm_shared</Filter>
    </ClCompile>
    <ClCompile Include="..\..\dlls\python.cpp">
      <Filter>Source Files\dlls</Filter>
    </ClCompile>
    <ClCompile Include="..\..\dlls\rat.cpp">
      <Filter>Source Files\dlls</Filter>
    </ClCompile>
    <ClCompile Include="..\..\dlls\roach.cpp">
      <Filter>Source Files\dlls</Filter>
    </ClCompile>
    <ClCompile Include="..\..\dlls\rpg.cpp">
      <Filter>Source Files\dlls</Filter>
    </ClCompile>
    <ClCompile Include="..\..\dlls\satchel.cpp">
      <Filter>Source Files\dlls</Filter>
    </ClCompile>
    <ClCompile Include="..\..\dlls\schedule.cpp">
      <Filter>Source Files\dlls</Filter>
    </ClCompile>
    <ClCompile Include="..\..\dlls\scientist.cpp">
      <Filter>Source Files\dlls</Filter>
    </ClCompile>
    <ClCompile Include="..\..\dlls\scripted.cpp">
      <Filter>Source Files\dlls</Filter>
    </ClCompile>
    <ClCompile Include="..\..\dlls\shotgun.cpp">
      <Filter>Source Files\dlls</Filter>
    </ClCompile>
    <ClCompile Include="..\..\dlls\singleplay_gamerules.cpp">
      <Filter>Source Files\dlls</Filter>
    </ClCompile>
    <ClCompile Include="..\..\dlls\skill.cpp">
      <Filter>Source Files\dlls</Filter>
    </ClCompile>
    <ClCompile Include="..\..\dlls\sound.cpp">
      <Filter>Source Files\dlls</Filter>
    </ClCompile>
    <ClCompile Include="..\..\dlls\soundent.cpp">
      <Filter>Source Files\dlls</Filter>
    </ClCompile>
    <ClCompile Include="..\..\dlls\spectator.cpp">
      <Filter>Source Files\dlls</Filter>
    </ClCompile>
    <ClCompile Include="..\..\dlls\squadmonster.cpp">
      <Filter>Source Files\dlls</Filter>
    </ClCompile>
    <ClCompile Include="..\..\dlls\squeakgrenade.cpp">
      <Filter>Source Files\dlls</Filter>
    </ClCompile>
    <ClCompile Include="..\..\dlls\subs.cpp">
      <Filter>Source Files\dlls</Filter>
    </ClCompile>
    <ClCompile Include="..\..\dlls\talkmonster.cpp">
      <Filter>Source Files\dlls</Filter>
    </ClCompile>
    <ClCompile Include="..\..\dlls\teamplay_gamerules.cpp">
      <Filter>Source Files\dlls</Filter>
    </ClCompile>
    <ClCompile Include="..\..\dlls\tempmonster.cpp">
      <Filter>Source Files\dlls</Filter>
    </ClCompile>
    <ClCompile Include="..\..\dlls\tentacle.cpp">
      <Filter>Source Files\dlls</Filter>
    </ClCompile>
    <ClCompile Include="..\..\dlls\triggers.cpp">
      <Filter>Source Files\dlls</Filter>
    </ClCompile>
    <ClCompile Include="..\..\dlls\tripmine.cpp">
      <Filter>Source Files\dlls</Filter>
    </ClCompile>
    <ClCompile Include="..\..\dlls\turret.cpp">
      <Filter>Source Files\dlls</Filter>
    </ClCompile>
    <ClCompile Include="..\..\dlls\util.cpp">
      <Filter>Source Files\dlls</Filter>
    </ClCompile>
    <ClCompile Include="..\..\game_shared\voice_gamemgr.cpp">
      <Filter>Source Files\game_shared</Filter>
    </ClCompile>
    <ClCompile Include="..\..\dlls\zombie.cpp">
      <Filter>Source Files\dlls</Filter>
    </ClCompile>
    <ClCompile Include="..\..\dlls\weapons.cpp">
      <Filter>Source Files\dlls</Filter>
    </ClCompile>
    <ClCompile Include="..\..\dlls\world.cpp">
      <Filter>Source Files\dlls</Filter>
    </ClCompile>
    <ClCompile Include="..\..\dlls\xen.cpp">
      <Filter>Source Files\dlls</Filter>
    </ClCompile>
  </ItemGroup>
  <ItemGroup>
    <ClInclude Include="..\..\dlls\doors.h">
      <Filter>Header Files\dlls</Filter>
    </ClInclude>
    <ClInclude Include="..\..\dlls\activity.h">
      <Filter>Header Files\dlls</Filter>
    </ClInclude>
    <ClInclude Include="..\..\dlls\activitymap.h">
      <Filter>Header Files\dlls</Filter>
    </ClInclude>
    <ClInclude Include="..\..\dlls\animation.h">
      <Filter>Header Files\dlls</Filter>
    </ClInclude>
    <ClInclude Include="..\..\dlls\basemonster.h">
      <Filter>Header Files\dlls</Filter>
    </ClInclude>
    <ClInclude Include="..\..\dlls\cbase.h">
      <Filter>Header Files\dlls</Filter>
    </ClInclude>
    <ClInclude Include="..\..\dlls\cdll_dll.h">
      <Filter>Header Files\dlls</Filter>
    </ClInclude>
    <ClInclude Include="..\..\dlls\client.h">
      <Filter>Header Files\dlls</Filter>
    </ClInclude>
    <ClInclude Include="..\..\dlls\decals.h">
      <Filter>Header Files\dlls</Filter>
    </ClInclude>
    <ClInclude Include="..\..\dlls\defaultai.h">
      <Filter>Header Files\dlls</Filter>
    </ClInclude>
    <ClInclude Include="..\..\dlls\effects.h">
      <Filter>Header Files\dlls</Filter>
    </ClInclude>
    <ClInclude Include="..\..\engine\eiface.h">
      <Filter>Header Files\engine</Filter>
    </ClInclude>
    <ClInclude Include="..\..\dlls\hornet.h">
      <Filter>Header Files\dlls</Filter>
    </ClInclude>
    <ClInclude Include="..\..\dlls\enginecallback.h">
      <Filter>Header Files\dlls</Filter>
    </ClInclude>
    <ClInclude Include="..\..\dlls\explode.h">
      <Filter>Header Files\dlls</Filter>
    </ClInclude>
    <ClInclude Include="..\..\dlls\extdll.h">
      <Filter>Header Files\dlls</Filter>
    </ClInclude>
    <ClInclude Include="..\..\dlls\flyingmonster.h">
      <Filter>Header Files\dlls</Filter>
    </ClInclude>
    <ClInclude Include="..\..\dlls\func_break.h">
      <Filter>Header Files\dlls</Filter>
    </ClInclude>
    <ClInclude Include="..\..\dlls\gamerules.h">
      <Filter>Header Files\dlls</Filter>
    </ClInclude>
    <ClInclude Include="..\..\dlls\player.h">
      <Filter>Header Files\dlls</Filter>
    </ClInclude>
    <ClInclude Include="..\..\dlls\items.h">
      <Filter>Header Files\dlls</Filter>
    </ClInclude>
    <ClInclude Include="..\..\dlls\monsterevent.h">
      <Filter>Header Files\dlls</Filter>
    </ClInclude>
    <ClInclude Include="..\..\dlls\monsters.h">
      <Filter>Header Files\dlls</Filter>
    </ClInclude>
    <ClInclude Include="..\..\dlls\nodes.h">
      <Filter>Header Files\dlls</Filter>
    </ClInclude>
    <ClInclude Include="..\..\dlls\plane.h">
      <Filter>Header Files\dlls</Filter>
    </ClInclude>
    <ClInclude Include="..\..\pm_shared\pm_shared.h">
      <Filter>Header Files\pm_shared</Filter>
    </ClInclude>
    <ClInclude Include="..\..\pm_shared\pm_debug.h">
      <Filter>Header Files\pm_shared</Filter>
    </ClInclude>
    <ClInclude Include="..\..\pm_shared\pm_defs.h">
      <Filter>Header Files\pm_shared</Filter>
    </ClInclude>
    <ClInclude Include="..\..\pm_shared\pm_info.h">
      <Filter>Header Files\pm_shared</Filter>
    </ClInclude>
    <ClInclude Include="..\..\pm_shared\pm_materials.h">
      <Filter>Header Files\pm_shared</Filter>
    </ClInclude>
    <ClInclude Include="..\..\pm_shared\pm_movevars.h">
      <Filter>Header Files\pm_shared</Filter>
    </ClInclude>
    <ClInclude Include="..\..\dlls\weapons.h">
      <Filter>Header Files\dlls</Filter>
    </ClInclude>
    <ClInclude Include="..\..\dlls\saverestore.h">
      <Filter>Header Files\dlls</Filter>
    </ClInclude>
    <ClInclude Include="..\..\dlls\schedule.h">
      <Filter>Header Files\dlls</Filter>
    </ClInclude>
    <ClInclude Include="..\..\dlls\scripted.h">
      <Filter>Header Files\dlls</Filter>
    </ClInclude>
    <ClInclude Include="..\..\dlls\scriptevent.h">
      <Filter>Header Files\dlls</Filter>
    </ClInclude>
    <ClInclude Include="..\..\dlls\skill.h">
      <Filter>Header Files\dlls</Filter>
    </ClInclude>
    <ClInclude Include="..\..\dlls\soundent.h">
      <Filter>Header Files\dlls</Filter>
    </ClInclude>
    <ClInclude Include="..\..\dlls\spectator.h">
      <Filter>Header Files\dlls</Filter>
    </ClInclude>
    <ClInclude Include="..\..\dlls\squadmonster.h">
      <Filter>Header Files\dlls</Filter>
    </ClInclude>
    <ClInclude Include="..\..\dlls\talkmonster.h">
      <Filter>Header Files\dlls</Filter>
    </ClInclude>
    <ClInclude Include="..\..\dlls\teamplay_gamerules.h">
      <Filter>Header Files\dlls</Filter>
    </ClInclude>
    <ClInclude Include="..\..\dlls\trains.h">
      <Filter>Header Files\dlls</Filter>
    </ClInclude>
    <ClInclude Include="..\..\dlls\util.h">
      <Filter>Header Files\dlls</Filter>
    </ClInclude>
    <ClInclude Include="..\..\dlls\vector.h">
      <Filter>Header Files\dlls</Filter>
    </ClInclude>
  </ItemGroup>
</Project>