
Microsoft Visual Studio Solution File, Format Version 11.00
# Visual C++ Express 2010
Project("{8BC9CEB8-8B4A-11D0-8D11-00A0C91BC942}") = "bspinfo", "bspinfo.vcxproj", "{B1227C36-C02C-4914-9675-C6D243D8B36E}"
EndProject
Project("{8BC9CEB8-8B4A-11D0-8D11-00A0C91BC942}") = "light", "light.vcxproj", "{1D9A402B-C7AB-4DAA-AD3F-42195F283E64}"
EndProject
Project("{8BC9CEB8-8B4A-11D0-8D11-00A0C91BC942}") = "makefont", "makefont.vcxproj", "{C47ACACA-7DA4-4741-A287-9215309949E7}"
EndProject
Project("{8BC9CEB8-8B4A-11D0-8D11-00A0C91BC942}") = "makels", "makels.vcxproj", "{8D9315B8-D428-411B-A60F-6AFD3CE0A687}"
EndProject
Project("{8BC9CEB8-8B4A-11D0-8D11-00A0C91BC942}") = "mdlviewer", "mdlviewer.vcxproj", "{348EA74B-9E7E-4F35-9474-69A5DB1B5A42}"
EndProject
Project("{8BC9CEB8-8B4A-11D0-8D11-00A0C91BC942}") = "mkmovie", "mkmovie.vcxproj", "{67FAB994-BEE5-4537-8E00-60259F66F654}"
EndProject
Project("{8BC9CEB8-8B4A-11D0-8D11-00A0C91BC942}") = "procinfo", "procinfo.vcxproj", "{2DE8C1AF-56AE-4B99-8AA5-BEDBF33D6216}"
EndProject
Project("{8BC9CEB8-8B4A-11D0-8D11-00A0C91BC942}") = "qbsp2", "qbsp2.vcxproj", "{415A5B85-BEA0-4F96-BBB6-5447E4CF726F}"
EndProject
Project("{8BC9CEB8-8B4A-11D0-8D11-00A0C91BC942}") = "qcsg", "qcsg.vcxproj", "{0F44E796-FAFD-4D52-91DE-707B5FB27841}"
EndProject
Project("{8BC9CEB8-8B4A-11D0-8D11-00A0C91BC942}") = "qlumpy", "qlumpy.vcxproj", "{01780C5F-55A2-41D4-B27F-6383BB549DE4}"
EndProject
Project("{8BC9CEB8-8B4A-11D0-8D11-00A0C91BC942}") = "qrad", "qrad.vcxproj", "{A015F691-DF6B-4E05-AB3B-4B0A55C13EDC}"
EndProject
Project("{8BC9CEB8-8B4A-11D0-8D11-00A0C91BC942}") = "smdlexp", "smdlexp.vcxproj", "{4BFEAD42-DBED-40F0-B30E-E5AF9EBA59A8}"
EndProject
Project("{8BC9CEB8-8B4A-11D0-8D11-00A0C91BC942}") = "sprgen", "sprgen.vcxproj", "{2ADCE88F-5117-4D09-BE30-C8CBE902203E}"
EndProject
Project("{8BC9CEB8-8B4A-11D0-8D11-00A0C91BC942}") = "studiomdl", "studiomdl.vcxproj", "{5A257608-0B80-42ED-A037-C2A02E878301}"
EndProject
Project("{8BC9CEB8-8B4A-11D0-8D11-00A0C91BC942}") = "vis", "vis.vcxproj", "{6CAC4D26-13B7-4701-A097-94C01340B345}"
EndProject
Project("{8BC9CEB8-8B4A-11D0-8D11-00A0C91BC942}") = "xwad", "xwad.vcxproj", "{8A13BDB4-772F-4D03-B343-B56A6D412149}"
EndProject
Project("{8BC9CEB8-8B4A-11D0-8D11-00A0C91BC942}") = "serverctrl", "serverctrl.vcxproj", "{AF96A753-E234-4692-90AB-CCD802E34E9C}"
EndProject
Global
	GlobalSection(SolutionConfigurationPlatforms) = preSolution
		Debug|Win32 = Debug|Win32
		Release|Win32 = Release|Win32
	EndGlobalSection
	GlobalSection(ProjectConfigurationPlatforms) = postSolution
		{B1227C36-C02C-4914-9675-C6D243D8B36E}.Debug|Win32.ActiveCfg = Debug|Win32
		{B1227C36-C02C-4914-9675-C6D243D8B36E}.Debug|Win32.Build.0 = Debug|Win32
		{B1227C36-C02C-4914-9675-C6D243D8B36E}.Release|Win32.ActiveCfg = Release|Win32
		{B1227C36-C02C-4914-9675-C6D243D8B36E}.Release|Win32.Build.0 = Release|Win32
		{1D9A402B-C7AB-4DAA-AD3F-42195F283E64}.Debug|Win32.ActiveCfg = Debug|Win32
		{1D9A402B-C7AB-4DAA-AD3F-42195F283E64}.Debug|Win32.Build.0 = Debug|Win32
		{1D9A402B-C7AB-4DAA-AD3F-42195F283E64}.Release|Win32.ActiveCfg = Release|Win32
		{1D9A402B-C7AB-4DAA-AD3F-42195F283E64}.Release|Win32.Build.0 = Release|Win32
		{C47ACACA-7DA4-4741-A287-9215309949E7}.Debug|Win32.ActiveCfg = Debug|Win32
		{C47ACACA-7DA4-4741-A287-9215309949E7}.Debug|Win32.Build.0 = Debug|Win32
		{C47ACACA-7DA4-4741-A287-9215309949E7}.Release|Win32.ActiveCfg = Release|Win32
		{C47ACACA-7DA4-4741-A287-9215309949E7}.Release|Win32.Build.0 = Release|Win32
		{8D9315B8-D428-411B-A60F-6AFD3CE0A687}.Debug|Win32.ActiveCfg = Debug|Win32
		{8D9315B8-D428-411B-A60F-6AFD3CE0A687}.Debug|Win32.Build.0 = Debug|Win32
		{8D9315B8-D428-411B-A60F-6AFD3CE0A687}.Release|Win32.ActiveCfg = Release|Win32
		{8D9315B8-D428-411B-A60F-6AFD3CE0A687}.Release|Win32.Build.0 = Release|Win32
		{348EA74B-9E7E-4F35-9474-69A5DB1B5A42}.Debug|Win32.ActiveCfg = Debug|Win32
		{348EA74B-9E7E-4F35-9474-69A5DB1B5A42}.Debug|Win32.Build.0 = Debug|Win32
		{348EA74B-9E7E-4F35-9474-69A5DB1B5A42}.Release|Win32.ActiveCfg = Release|Win32
		{348EA74B-9E7E-4F35-9474-69A5DB1B5A42}.Release|Win32.Build.0 = Release|Win32
		{67FAB994-BEE5-4537-8E00-60259F66F654}.Debug|Win32.ActiveCfg = Debug|Win32
		{67FAB994-BEE5-4537-8E00-60259F66F654}.Debug|Win32.Build.0 = Debug|Win32
		{67FAB994-BEE5-4537-8E00-60259F66F654}.Release|Win32.ActiveCfg = Release|Win32
		{67FAB994-BEE5-4537-8E00-60259F66F654}.Release|Win32.Build.0 = Release|Win32
		{2DE8C1AF-56AE-4B99-8AA5-BEDBF33D6216}.Debug|Win32.ActiveCfg = Debug|Win32
		{2DE8C1AF-56AE-4B99-8AA5-BEDBF33D6216}.Debug|Win32.Build.0 = Debug|Win32
		{2DE8C1AF-56AE-4B99-8AA5-BEDBF33D6216}.Release|Win32.ActiveCfg = Release|Win32
		{2DE8C1AF-56AE-4B99-8AA5-BEDBF33D6216}.Release|Win32.Build.0 = Release|Win32
		{415A5B85-BEA0-4F96-BBB6-5447E4CF726F}.Debug|Win32.ActiveCfg = Debug|Win32
		{415A5B85-BEA0-4F96-BBB6-5447E4CF726F}.Debug|Win32.Build.0 = Debug|Win32
		{415A5B85-BEA0-4F96-BBB6-5447E4CF726F}.Release|Win32.ActiveCfg = Release|Win32
		{415A5B85-BEA0-4F96-BBB6-5447E4CF726F}.Release|Win32.Build.0 = Release|Win32
		{0F44E796-FAFD-4D52-91DE-707B5FB27841}.Debug|Win32.ActiveCfg = Debug|Win32
		{0F44E796-FAFD-4D52-91DE-707B5FB27841}.Debug|Win32.Build.0 = Debug|Win32
		{0F44E796-FAFD-4D52-91DE-707B5FB27841}.Release|Win32.ActiveCfg = Release|Win32
		{0F44E796-FAFD-4D52-91DE-707B5FB27841}.Release|Win32.Build.0 = Release|Win32
		{01780C5F-55A2-41D4-B27F-6383BB549DE4}.Debug|Win32.ActiveCfg = Debug|Win32
		{01780C5F-55A2-41D4-B27F-6383BB549DE4}.Debug|Win32.Build.0 = Debug|Win32
		{01780C5F-55A2-41D4-B27F-6383BB549DE4}.Release|Win32.ActiveCfg = Release|Win32
		{01780C5F-55A2-41D4-B27F-6383BB549DE4}.Release|Win32.Build.0 = Release|Win32
		{A015F691-DF6B-4E05-AB3B-4B0A55C13EDC}.Debug|Win32.ActiveCfg = Debug|Win32
		{A015F691-DF6B-4E05-AB3B-4B0A55C13EDC}.Debug|Win32.Build.0 = Debug|Win32
		{A015F691-DF6B-4E05-AB3B-4B0A55C13EDC}.Release|Win32.ActiveCfg = Release|Win32
		{A015F691-DF6B-4E05-AB3B-4B0A55C13EDC}.Release|Win32.Build.0 = Release|Win32
		{4BFEAD42-DBED-40F0-B30E-E5AF9EBA59A8}.Debug|Win32.ActiveCfg = Debug|Win32
		{4BFEAD42-DBED-40F0-B30E-E5AF9EBA59A8}.Debug|Win32.Build.0 = Debug|Win32
		{4BFEAD42-DBED-40F0-B30E-E5AF9EBA59A8}.Release|Win32.ActiveCfg = Release|Win32
		{4BFEAD42-DBED-40F0-B30E-E5AF9EBA59A8}.Release|Win32.Build.0 = Release|Win32
		{2ADCE88F-5117-4D09-BE30-C8CBE902203E}.Debug|Win32.ActiveCfg = Debug|Win32
		{2ADCE88F-5117-4D09-BE30-C8CBE902203E}.Debug|Win32.Build.0 = Debug|Win32
		{2ADCE88F-5117-4D09-BE30-C8CBE902203E}.Release|Win32.ActiveCfg = Release|Win32
		{2ADCE88F-5117-4D09-BE30-C8CBE902203E}.Release|Win32.Build.0 = Release|Win32
		{5A257608-0B80-42ED-A037-C2A02E878301}.Debug|Win32.ActiveCfg = Debug|Win32
		{5A257608-0B80-42ED-A037-C2A02E878301}.Debug|Win32.Build.0 = Debug|Win32
		{5A257608-0B80-42ED-A037-C2A02E878301}.Release|Win32.ActiveCfg = Release|Win32
		{5A257608-0B80-42ED-A037-C2A02E878301}.Release|Win32.Build.0 = Release|Win32
		{6CAC4D26-13B7-4701-A097-94C01340B345}.Debug|Win32.ActiveCfg = Debug|Win32
		{6CAC4D26-13B7-4701-A097-94C01340B345}.Debug|Win32.Build.0 = Debug|Win32
		{6CAC4D26-13B7-4701-A097-94C01340B345}.Release|Win32.ActiveCfg = Release|Win32
		{6CAC4D26-13B7-4701-A097-94C01340B345}.Release|Win32.Build.0 = Release|Win32
		{8A13BDB4-772F-4D03-B343-B56A6D412149}.Debug|Win32.ActiveCfg = Debug|Win32
		{8A13BDB4-772F-4D03-B343-B56A6D412149}.Debug|Win32.Build.0 = Debug|Win32
		{8A13BDB4-772F-4D03-B343-B56A6D412149}.Release|Win32.ActiveCfg = Release|Win32
		{8A13BDB4-772F-4D03-B343-B56A6D412149}.Release|Win32.Build.0 = Release|Win32
		{AF96A753-E234-4692-90AB-CCD802E34E9C}.Debug|Win32.ActiveCfg = Debug|Win32
		{AF96A753-E234-4692-90AB-CCD802E34E9C}.Debug|Win32.Build.0 = Debug|Win32
		{AF96A753-E234-4692-90AB-CCD802E34E9C}.Release|Win32.ActiveCfg = Release|Win32
		{AF96A753-E234-4692-90AB-CCD802E34E9C}.Release|Win32.Build.0 = Release|Win32
	EndGlobalSection
	GlobalSection(SolutionProperties) = preSolution
		HideSolutionNode = FALSE
	EndGlobalSection
EndGlobal
